
Microsoft Visual Studio Solution File, Format Version 12.00
# Visual Studio Version 16
VisualStudioVersion = 16.0.30804.86
MinimumVisualStudioVersion = 10.0.40219.1
Project("{FAE04EC0-301F-11D3-BF4B-00C04F79EFBC}") = "VueFirst", "VueFirst\VueFirst.csproj", "{4C482812-9583-433D-B78B-4A8888CBD7B6}"
EndProject
Global
	GlobalSection(SolutionConfigurationPlatforms) = preSolution
		Debug|Any CPU = Debug|Any CPU
		Release|Any CPU = Release|Any CPU
	EndGlobalSection
	GlobalSection(ProjectConfigurationPlatforms) = postSolution
		{4C482812-9583-433D-B78B-4A8888CBD7B6}.Debug|Any CPU.ActiveCfg = Debug|Any CPU
		{4C482812-9583-433D-B78B-4A8888CBD7B6}.Debug|Any CPU.Build.0 = Debug|Any CPU
		{4C482812-9583-433D-B78B-4A8888CBD7B6}.Release|Any CPU.ActiveCfg = Release|Any CPU
		{4C482812-9583-433D-B78B-4A8888CBD7B6}.Release|Any CPU.Build.0 = Release|Any CPU
	EndGlobalSection
	GlobalSection(SolutionProperties) = preSolution
		HideSolutionNode = FALSE
	EndGlobalSection
	GlobalSection(ExtensibilityGlobals) = postSolution
		SolutionGuid = {DBB5032A-BC5A-4E4B-B4EE-22F5CFFCD07A}
	EndGlobalSection
EndGlobal
